// !$*UTF8*$!
{
	archiveVersion = 1;
	classes = {
	};
	objectVersion = 50;
	objects = {

/* Begin PBXBuildFile section */
		4F92C2FE2355B0F700F0170D /* AppDelegate.m in Sources */ = {isa = PBXBuildFile; fileRef = 4F92C2FD2355B0F700F0170D /* AppDelegate.m */; };
		4F92C3012355B0F700F0170D /* SceneDelegate.m in Sources */ = {isa = PBXBuildFile; fileRef = 4F92C3002355B0F700F0170D /* SceneDelegate.m */; };
		4F92C3042355B0F700F0170D /* ViewController.m in Sources */ = {isa = PBXBuildFile; fileRef = 4F92C3032355B0F700F0170D /* ViewController.m */; };
		4F92C3072355B0F700F0170D /* Main.storyboard in Resources */ = {isa = PBXBuildFile; fileRef = 4F92C3052355B0F700F0170D /* Main.storyboard */; };
		4F92C3092355B0F800F0170D /* Assets.xcassets in Resources */ = {isa = PBXBuildFile; fileRef = 4F92C3082355B0F800F0170D /* Assets.xcassets */; };
		4F92C30C2355B0F800F0170D /* LaunchScreen.storyboard in Resources */ = {isa = PBXBuildFile; fileRef = 4F92C30A2355B0F800F0170D /* LaunchScreen.storyboard */; };
		4F92C30F2355B0F800F0170D /* main.m in Sources */ = {isa = PBXBuildFile; fileRef = 4F92C30E2355B0F800F0170D /* main.m */; };
		4F92C3172355B13900F0170D /* AnyObjectA.m in Sources */ = {isa = PBXBuildFile; fileRef = 4F92C3162355B13900F0170D /* AnyObjectA.m */; };
		4F92C31A2355B74600F0170D /* AnyObjectB.m in Sources */ = {isa = PBXBuildFile; fileRef = 4F92C3192355B74600F0170D /* AnyObjectB.m */; };
		4F92C31D2355B7B900F0170D /* AnyObjectBHelp.m in Sources */ = {isa = PBXBuildFile; fileRef = 4F92C31C2355B7B900F0170D /* AnyObjectBHelp.m */; };
		4F92C3202355B8DC00F0170D /* AnyObjectC.m in Sources */ = {isa = PBXBuildFile; fileRef = 4F92C31F2355B8DC00F0170D /* AnyObjectC.m */; };
/* End PBXBuildFile section */

/* Begin PBXFileReference section */
		4F92C2F92355B0F700F0170D /* MsgForwardDemo.app */ = {isa = PBXFileReference; explicitFileType = wrapper.application; includeInIndex = 0; path = MsgForwardDemo.app; sourceTree = BUILT_PRODUCTS_DIR; };
		4F92C2FC2355B0F700F0170D /* AppDelegate.h */ = {isa = PBXFileReference; lastKnownFileType = sourcecode.c.h; path = AppDelegate.h; sourceTree = "<group>"; };
		4F92C2FD2355B0F700F0170D /* AppDelegate.m */ = {isa = PBXFileReference; lastKnownFileType = sourcecode.c.objc; path = AppDelegate.m; sourceTree = "<group>"; };
		4F92C2FF2355B0F700F0170D /* SceneDelegate.h */ = {isa = PBXFileReference; lastKnownFileType = sourcecode.c.h; path = SceneDelegate.h; sourceTree = "<group>"; };
		4F92C3002355B0F700F0170D /* SceneDelegate.m */ = {isa = PBXFileReference; lastKnownFileType = sourcecode.c.objc; path = SceneDelegate.m; sourceTree = "<group>"; };
		4F92C3022355B0F700F0170D /* ViewController.h */ = {isa = PBXFileReference; lastKnownFileType = sourcecode.c.h; path = ViewController.h; sourceTree = "<group>"; };
		4F92C3032355B0F700F0170D /* ViewController.m */ = {isa = PBXFileReference; lastKnownFileType = sourcecode.c.objc; path = ViewController.m; sourceTree = "<group>"; };
		4F92C3062355B0F700F0170D /* Base */ = {isa = PBXFileReference; lastKnownFileType = file.storyboard; name = Base; path = Base.lproj/Main.storyboard; sourceTree = "<group>"; };
		4F92C3082355B0F800F0170D /* Assets.xcassets */ = {isa = PBXFileReference; lastKnownFileType = folder.assetcatalog; path = Assets.xcassets; sourceTree = "<group>"; };
		4F92C30B2355B0F800F0170D /* Base */ = {isa = PBXFileReference; lastKnownFileType = file.storyboard; name = Base; path = Base.lproj/LaunchScreen.storyboard; sourceTree = "<group>"; };
		4F92C30D2355B0F800F0170D /* Info.plist */ = {isa = PBXFileReference; lastKnownFileType = text.plist.xml; path = Info.plist; sourceTree = "<group>"; };
		4F92C30E2355B0F800F0170D /* main.m */ = {isa = PBXFileReference; lastKnownFileType = sourcecode.c.objc; path = main.m; sourceTree = "<group>"; };
		4F92C3152355B13900F0170D /* AnyObjectA.h */ = {isa = PBXFileReference; lastKnownFileType = sourcecode.c.h; path = AnyObjectA.h; sourceTree = "<group>"; };
		4F92C3162355B13900F0170D /* AnyObjectA.m */ = {isa = PBXFileReference; lastKnownFileType = sourcecode.c.objc; path = AnyObjectA.m; sourceTree = "<group>"; };
		4F92C3182355B74600F0170D /* AnyObjectB.h */ = {isa = PBXFileReference; lastKnownFileType = sourcecode.c.h; path = AnyObjectB.h; sourceTree = "<group>"; };
		4F92C3192355B74600F0170D /* AnyObjectB.m */ = {isa = PBXFileReference; lastKnownFileType = sourcecode.c.objc; path = AnyObjectB.m; sourceTree = "<group>"; };
		4F92C31B2355B7B900F0170D /* AnyObjectBHelp.h */ = {isa = PBXFileReference; lastKnownFileType = sourcecode.c.h; path = AnyObjectBHelp.h; sourceTree = "<group>"; };
		4F92C31C2355B7B900F0170D /* AnyObjectBHelp.m */ = {isa = PBXFileReference; lastKnownFileType = sourcecode.c.objc; path = AnyObjectBHelp.m; sourceTree = "<group>"; };
		4F92C31E2355B8DC00F0170D /* AnyObjectC.h */ = {isa = PBXFileReference; lastKnownFileType = sourcecode.c.h; path = AnyObjectC.h; sourceTree = "<group>"; };
		4F92C31F2355B8DC00F0170D /* AnyObjectC.m */ = {isa = PBXFileReference; lastKnownFileType = sourcecode.c.objc; path = AnyObjectC.m; sourceTree = "<group>"; };
/* End PBXFileReference section */

/* Begin PBXFrameworksBuildPhase section */
		4F92C2F62355B0F700F0170D /* Frameworks */ = {
			isa = PBXFrameworksBuildPhase;
			buildActionMask = 2147483647;
			files = (
			);
			runOnlyForDeploymentPostprocessing = 0;
		};
/* End PBXFrameworksBuildPhase section */

/* Begin PBXGroup section */
		4F92C2F02355B0F700F0170D = {
			isa = PBXGroup;
			children = (
				4F92C2FB2355B0F700F0170D /* MsgForwardDemo */,
				4F92C2FA2355B0F700F0170D /* Products */,
			);
			sourceTree = "<group>";
		};
		4F92C2FA2355B0F700F0170D /* Products */ = {
			isa = PBXGroup;
			children = (
				4F92C2F92355B0F700F0170D /* MsgForwardDemo.app */,
			);
			name = Products;
			sourceTree = "<group>";
		};
		4F92C2FB2355B0F700F0170D /* MsgForwardDemo */ = {
			isa = PBXGroup;
			children = (
				4F92C2FC2355B0F700F0170D /* AppDelegate.h */,
				4F92C2FD2355B0F700F0170D /* AppDelegate.m */,
				4F92C2FF2355B0F700F0170D /* SceneDelegate.h */,
				4F92C3002355B0F700F0170D /* SceneDelegate.m */,
				4F92C3022355B0F700F0170D /* ViewController.h */,
				4F92C3032355B0F700F0170D /* ViewController.m */,
				4F92C3052355B0F700F0170D /* Main.storyboard */,
				4F92C3082355B0F800F0170D /* Assets.xcassets */,
				4F92C30A2355B0F800F0170D /* LaunchScreen.storyboard */,
				4F92C30D2355B0F800F0170D /* Info.plist */,
				4F92C30E2355B0F800F0170D /* main.m */,
				4F92C3152355B13900F0170D /* AnyObjectA.h */,
				4F92C3162355B13900F0170D /* AnyObjectA.m */,
				4F92C3182355B74600F0170D /* AnyObjectB.h */,
				4F92C3192355B74600F0170D /* AnyObjectB.m */,
				4F92C31B2355B7B900F0170D /* AnyObjectBHelp.h */,
				4F92C31C2355B7B900F0170D /* AnyObjectBHelp.m */,
				4F92C31E2355B8DC00F0170D /* AnyObjectC.h */,
				4F92C31F2355B8DC00F0170D /* AnyObjectC.m */,
			);
			path = MsgForwardDemo;
			sourceTree = "<group>";
		};
/* End PBXGroup section */

/* Begin PBXNativeTarget section */
		4F92C2F82355B0F700F0170D /* MsgForwardDemo */ = {
			isa = PBXNativeTarget;
			buildConfigurationList = 4F92C3122355B0F800F0170D /* Build configuration list for PBXNativeTarget "MsgForwardDemo" */;
			buildPhases = (
				4F92C2F52355B0F700F0170D /* Sources */,
				4F92C2F62355B0F700F0170D /* Frameworks */,
				4F92C2F72355B0F700F0170D /* Resources */,
			);
			buildRules = (
			);
			dependencies = (
			);
			name = MsgForwardDemo;
			productName = MsgForwardDemo;
			productReference = 4F92C2F92355B0F700F0170D /* MsgForwardDemo.app */;
			productType = "com.apple.product-type.application";
		};
/* End PBXNativeTarget section */

/* Begin PBXProject section */
		4F92C2F12355B0F700F0170D /* Project object */ = {
			isa = PBXProject;
			attributes = {
				LastUpgradeCheck = 1110;
				ORGANIZATIONNAME = Henry;
				TargetAttributes = {
					4F92C2F82355B0F700F0170D = {
						CreatedOnToolsVersion = 11.1;
					};
				};
			};
			buildConfigurationList = 4F92C2F42355B0F700F0170D /* Build configuration list for PBXProject "MsgForwardDemo" */;
			compatibilityVersion = "Xcode 9.3";
			developmentRegion = en;
			hasScannedForEncodings = 0;
			knownRegions = (
				en,
				Base,
			);
			mainGroup = 4F92C2F02355B0F700F0170D;
			productRefGroup = 4F92C2FA2355B0F700F0170D /* Products */;
			projectDirPath = "";
			projectRoot = "";
			targets = (
				4F92C2F82355B0F700F0170D /* MsgForwardDemo */,
			);
		};
/* End PBXProject section */

/* Begin PBXResourcesBuildPhase section */
		4F92C2F72355B0F700F0170D /* Resources */ = {
			isa = PBXResourcesBuildPhase;
			buildActionMask = 2147483647;
			files = (
				4F92C30C2355B0F800F0170D /* LaunchScreen.storyboard in Resources */,
				4F92C3092355B0F800F0170D /* Assets.xcassets in Resources */,
				4F92C3072355B0F700F0170D /* Main.storyboard in Resources */,
			);
			runOnlyForDeploymentPostprocessing = 0;
		};
/* End PBXResourcesBuildPhase section */

/* Begin PBXSourcesBuildPhase section */
		4F92C2F52355B0F700F0170D /* Sources */ = {
			isa = PBXSourcesBuildPhase;
			buildActionMask = 2147483647;
			files = (
				4F92C31A2355B74600F0170D /* AnyObjectB.m in Sources */,
				4F92C3202355B8DC00F0170D /* AnyObjectC.m in Sources */,
				4F92C3042355B0F700F0170D /* ViewController.m in Sources */,
				4F92C3172355B13900F0170D /* AnyObjectA.m in Sources */,
				4F92C2FE2355B0F700F0170D /* AppDelegate.m in Sources */,
				4F92C31D2355B7B900F0170D /* AnyObjectBHelp.m in Sources */,
				4F92C30F2355B0F800F0170D /* main.m in Sources */,
				4F92C3012355B0F700F0170D /* SceneDelegate.m in Sources */,
			);
			runOnlyForDeploymentPostprocessing = 0;
		};
/* End PBXSourcesBuildPhase section */

/* Begin PBXVariantGroup section */
		4F92C3052355B0F700F0170D /* Main.storyboard */ = {
			isa = PBXVariantGroup;
			children = (
				4F92C3062355B0F700F0170D /* Base */,
			);
			name = Main.storyboard;
			sourceTree = "<group>";
		};
		4F92C30A2355B0F800F0170D /* LaunchScreen.storyboard */ = {
			isa = PBXVariantGroup;
			children = (
				4F92C30B2355B0F800F0170D /* Base */,
			);
			name = LaunchScreen.storyboard;
			sourceTree = "<group>";
		};
/* End PBXVariantGroup section */

/* Begin XCBuildConfiguration section */
		4F92C3102355B0F800F0170D /* Debug */ = {
			isa = XCBuildConfiguration;
			buildSettings = {
				ALWAYS_SEARCH_USER_PATHS = NO;
				CLANG_ANALYZER_NONNULL = YES;
				CLANG_ANALYZER_NUMBER_OBJECT_CONVERSION = YES_AGGRESSIVE;
				CLANG_CXX_LANGUAGE_STANDARD = "gnu++14";
				CLANG_CXX_LIBRARY = "libc++";
				CLANG_ENABLE_MODULES = YES;
				CLANG_ENABLE_OBJC_ARC = YES;
				CLANG_ENABLE_OBJC_WEAK = YES;
				CLANG_WARN_BLOCK_CAPTURE_AUTORELEASING = YES;
				CLANG_WARN_BOOL_CONVERSION = YES;
				CLANG_WARN_COMMA = YES;
				CLANG_WARN_CONSTANT_CONVERSION = YES;
				CLANG_WARN_DEPRECATED_OBJC_IMPLEMENTATIONS = YES;
				CLANG_WARN_DIRECT_OBJC_ISA_USAGE = YES_ERROR;
				CLANG_WARN_DOCUMENTATION_COMMENTS = YES;
				CLANG_WARN_EMPTY_BODY = YES;
				CLANG_WARN_ENUM_CONVERSION = YES;
				CLANG_WARN_INFINITE_RECURSION = YES;
				CLANG_WARN_INT_CONVERSION = YES;
				CLANG_WARN_NON_LITERAL_NULL_CONVERSION = YES;
				CLANG_WARN_OBJC_IMPLICIT_RETAIN_SELF = YES;
				CLANG_WARN_OBJC_LITERAL_CONVERSION = YES;
				CLANG_WARN_OBJC_ROOT_CLASS = YES_ERROR;
				CLANG_WARN_RANGE_LOOP_ANALYSIS = YES;
				CLANG_WARN_STRICT_PROTOTYPES = YES;
				CLANG_WARN_SUSPICIOUS_MOVE = YES;
				CLANG_WARN_UNGUARDED_AVAILABILITY = YES_AGGRESSIVE;
				CLANG_WARN_UNREACHABLE_CODE = YES;
				CLANG_WARN__DUPLICATE_METHOD_MATCH = YES;
				COPY_PHASE_STRIP = NO;
				DEBUG_INFORMATION_FORMAT = dwarf;
				ENABLE_STRICT_OBJC_MSGSEND = YES;
				ENABLE_TESTABILITY = YES;
				GCC_C_LANGUAGE_STANDARD = gnu11;
				GCC_DYNAMIC_NO_PIC = NO;
				GCC_NO_COMMON_BLOCKS = YES;
				GCC_OPTIMIZATION_LEVEL = 0;
				GCC_PREPROCESSOR_DEFINITIONS = (
					"DEBUG=1",
					"$(inherited)",
				);
				GCC_WARN_64_TO_32_BIT_CONVERSION = YES;
				GCC_WARN_ABOUT_RETURN_TYPE = YES_ERROR;
				GCC_WARN_UNDECLARED_SELECTOR = YES;
				GCC_WARN_UNINITIALIZED_AUTOS = YES_AGGRESSIVE;
				GCC_WARN_UNUSED_FUNCTION = YES;
				GCC_WARN_UNUSED_VARIABLE = YES;
				IPHONEOS_DEPLOYMENT_TARGET = 13.1;
				MTL_ENABLE_DEBUG_INFO = INCLUDE_SOURCE;
				MTL_FAST_MATH = YES;
				ONLY_ACTIVE_ARCH = YES;
				SDKROOT = iphoneos;
			};
			name = Debug;
		};
		4F92C3112355B0F800F0170D /* Release */ = {
			isa = XCBuildConfiguration;
			buildSettings = {
				ALWAYS_SEARCH_USER_PATHS = NO;
				CLANG_ANALYZER_NONNULL = YES;
				CLANG_ANALYZER_NUMBER_OBJECT_CONVERSION = YES_AGGRESSIVE;
				CLANG_CXX_LANGUAGE_STANDARD = "gnu++14";
				CLANG_CXX_LIBRARY = "libc++";
				CLANG_ENABLE_MODULES = YES;
				CLANG_ENABLE_OBJC_ARC = YES;
				CLANG_ENABLE_OBJC_WEAK = YES;
				CLANG_WARN_BLOCK_CAPTURE_AUTORELEASING = YES;
				CLANG_WARN_BOOL_CONVERSION = YES;
				CLANG_WARN_COMMA = YES;
				CLANG_WARN_CONSTANT_CONVERSION = YES;
				CLANG_WARN_DEPRECATED_OBJC_IMPLEMENTATIONS = YES;
				CLANG_WARN_DIRECT_OBJC_ISA_USAGE = YES_ERROR;
				CLANG_WARN_DOCUMENTATION_COMMENTS = YES;
				CLANG_WARN_EMPTY_BODY = YES;
				CLANG_WARN_ENUM_CONVERSION = YES;
				CLANG_WARN_INFINITE_RECURSION = YES;
				CLANG_WARN_INT_CONVERSION = YES;
				CLANG_WARN_NON_LITERAL_NULL_CONVERSION = YES;
				CLANG_WARN_OBJC_IMPLICIT_RETAIN_SELF = YES;
				CLANG_WARN_OBJC_LITERAL_CONVERSION = YES;
				CLANG_WARN_OBJC_ROOT_CLASS = YES_ERROR;
				CLANG_WARN_RANGE_LOOP_ANALYSIS = YES;
				CLANG_WARN_STRICT_PROTOTYPES = YES;
				CLANG_WARN_SUSPICIOUS_MOVE = YES;
				CLANG_WARN_UNGUARDED_AVAILABILITY = YES_AGGRESSIVE;
				CLANG_WARN_UNREACHABLE_CODE = YES;
				CLANG_WARN__DUPLICATE_METHOD_MATCH = YES;
				COPY_PHASE_STRIP = NO;
				DEBUG_INFORMATION_FORMAT = "dwarf-with-dsym";
				ENABLE_NS_ASSERTIONS = NO;
				ENABLE_STRICT_OBJC_MSGSEND = YES;
				GCC_C_LANGUAGE_STANDARD = gnu11;
				GCC_NO_COMMON_BLOCKS = YES;
				GCC_WARN_64_TO_32_BIT_CONVERSION = YES;
				GCC_WARN_ABOUT_RETURN_TYPE = YES_ERROR;
				GCC_WARN_UNDECLARED_SELECTOR = YES;
				GCC_WARN_UNINITIALIZED_AUTOS = YES_AGGRESSIVE;
				GCC_WARN_UNUSED_FUNCTION = YES;
				GCC_WARN_UNUSED_VARIABLE = YES;
				IPHONEOS_DEPLOYMENT_TARGET = 13.1;
				MTL_ENABLE_DEBUG_INFO = NO;
				MTL_FAST_MATH = YES;
				SDKROOT = iphoneos;
				VALIDATE_PRODUCT = YES;
			};
			name = Release;
		};
		4F92C3132355B0F800F0170D /* Debug */ = {
			isa = XCBuildConfiguration;
			buildSettings = {
				ASSETCATALOG_COMPILER_APPICON_NAME = AppIcon;
				CODE_SIGN_STYLE = Automatic;
				DEVELOPMENT_TEAM = L8MRL9B64V;
				INFOPLIST_FILE = MsgForwardDemo/Info.plist;
				LD_RUNPATH_SEARCH_PATHS = (
					"$(inherited)",
					"@executable_path/Frameworks",
				);
				PRODUCT_BUNDLE_IDENTIFIER = com.nio.www.MsgForwardDemo;
				PRODUCT_NAME = "$(TARGET_NAME)";
				TARGETED_DEVICE_FAMILY = "1,2";
			};
			name = Debug;
		};
		4F92C3142355B0F800F0170D /* Release */ = {
			isa = XCBuildConfiguration;
			buildSettings = {
				ASSETCATALOG_COMPILER_APPICON_NAME = AppIcon;
				CODE_SIGN_STYLE = Automatic;
				DEVELOPMENT_TEAM = L8MRL9B64V;
				INFOPLIST_FILE = MsgForwardDemo/Info.plist;
				LD_RUNPATH_SEARCH_PATHS = (
					"$(inherited)",
					"@executable_path/Frameworks",
				);
				PRODUCT_BUNDLE_IDENTIFIER = com.nio.www.MsgForwardDemo;
				PRODUCT_NAME = "$(TARGET_NAME)";
				TARGETED_DEVICE_FAMILY = "1,2";
			};
			name = Release;
		};
/* End XCBuildConfiguration section */

/* Begin XCConfigurationList section */
		4F92C2F42355B0F700F0170D /* Build configuration list for PBXProject "MsgForwardDemo" */ = {
			isa = XCConfigurationList;
			buildConfigurations = (
				4F92C3102355B0F800F0170D /* Debug */,
				4F92C3112355B0F800F0170D /* Release */,
			);
			defaultConfigurationIsVisible = 0;
			defaultConfigurationName = Release;
		};
		4F92C3122355B0F800F0170D /* Build configuration list for PBXNativeTarget "MsgForwardDemo" */ = {
			isa = XCConfigurationList;
			buildConfigurations = (
				4F92C3132355B0F800F0170D /* Debug */,
				4F92C3142355B0F800F0170D /* Release */,
			);
			defaultConfigurationIsVisible = 0;
			defaultConfigurationName = Release;
		};
/* End XCConfigurationList section */
	};
	rootObject = 4F92C2F12355B0F700F0170D /* Project object */;
}
